
Microsoft Visual Studio Solution File, Format Version 12.00
# Visual Studio Version 17
VisualStudioVersion = 17.0.32014.148
MinimumVisualStudioVersion = 10.0.40219.1
Project("{9A19103F-16F7-4668-BE54-9A1E7A4F7556}") = "DotNetCoreSqlDb", "DotNetCoreSqlDb.csproj", "{8E6A0C1D-5BDF-4E21-A2D2-BBC16410AF2D}"
EndProject
Global
	GlobalSection(SolutionConfigurationPlatforms) = preSolution
		Debug|Any CPU = Debug|Any CPU
		Release|Any CPU = Release|Any CPU
	EndGlobalSection
	GlobalSection(ProjectConfigurationPlatforms) = postSolution
		{8E6A0C1D-5BDF-4E21-A2D2-BBC16410AF2D}.Debug|Any CPU.ActiveCfg = Debug|Any CPU
		{8E6A0C1D-5BDF-4E21-A2D2-BBC16410AF2D}.Debug|Any CPU.Build.0 = Debug|Any CPU
		{8E6A0C1D-5BDF-4E21-A2D2-BBC16410AF2D}.Release|Any CPU.ActiveCfg = Release|Any CPU
		{8E6A0C1D-5BDF-4E21-A2D2-BBC16410AF2D}.Release|Any CPU.Build.0 = Release|Any CPU
	EndGlobalSection
	GlobalSection(SolutionProperties) = preSolution
		HideSolutionNode = FALSE
	EndGlobalSection
	GlobalSection(ExtensibilityGlobals) = postSolution
		SolutionGuid = {12E7C798-B78F-48F8-AACD-8B0E8A05DC9A}
	EndGlobalSection
EndGlobal
